
Microsoft Visual Studio Solution File, Format Version 12.00
# Visual Studio Version 17
VisualStudioVersion = 17.0.32112.339
MinimumVisualStudioVersion = 10.0.40219.1
Project("{FAE04EC0-301F-11D3-BF4B-00C04F79EFBC}") = "Csharp Conversions", "Csharp Conversions\Csharp Conversions.csproj", "{3FF52C27-0A34-4FEC-BCE4-0BA70C7701E7}"
EndProject
Global
	GlobalSection(SolutionConfigurationPlatforms) = preSolution
		Debug|Any CPU = Debug|Any CPU
		Release|Any CPU = Release|Any CPU
	EndGlobalSection
	GlobalSection(ProjectConfigurationPlatforms) = postSolution
		{3FF52C27-0A34-4FEC-BCE4-0BA70C7701E7}.Debug|Any CPU.ActiveCfg = Debug|Any CPU
		{3FF52C27-0A34-4FEC-BCE4-0BA70C7701E7}.Debug|Any CPU.Build.0 = Debug|Any CPU
		{3FF52C27-0A34-4FEC-BCE4-0BA70C7701E7}.Release|Any CPU.ActiveCfg = Release|Any CPU
		{3FF52C27-0A34-4FEC-BCE4-0BA70C7701E7}.Release|Any CPU.Build.0 = Release|Any CPU
	EndGlobalSection
	GlobalSection(SolutionProperties) = preSolution
		HideSolutionNode = FALSE
	EndGlobalSection
	GlobalSection(ExtensibilityGlobals) = postSolution
		SolutionGuid = {57D38B43-BE41-4257-B90E-9F25884916FB}
	EndGlobalSection
EndGlobal
